// !$*UTF8*$!
{
	archiveVersion = 1;
	classes = {
	};
	objectVersion = 56;
	objects = {

/* Begin PBXBuildFile section */
		0926142D2A372895001A6E9A /* MeetingHeaderView.swift in Sources */ = {isa = PBXBuildFile; fileRef = 0926142C2A372895001A6E9A /* MeetingHeaderView.swift */; };
		0926142F2A372CB3001A6E9A /* ScrumProgressViewStyle.swift in Sources */ = {isa = PBXBuildFile; fileRef = 0926142E2A372CB3001A6E9A /* ScrumProgressViewStyle.swift */; };
		092614312A372EF2001A6E9A /* ScrumTimer.swift in Sources */ = {isa = PBXBuildFile; fileRef = 092614302A372EF2001A6E9A /* ScrumTimer.swift */; };
		092614332A3737F4001A6E9A /* MeetingFooterView.swift in Sources */ = {isa = PBXBuildFile; fileRef = 092614322A3737F4001A6E9A /* MeetingFooterView.swift */; };
		092614352A373BAC001A6E9A /* AVPlayer+Ding.swift in Sources */ = {isa = PBXBuildFile; fileRef = 092614342A373BAC001A6E9A /* AVPlayer+Ding.swift */; };
		0926143A2A37432F001A6E9A /* ding.wav in Resources */ = {isa = PBXBuildFile; fileRef = 092614392A37432F001A6E9A /* ding.wav */; };
		096927AE2A35C9C50088C94A /* DetailView.swift in Sources */ = {isa = PBXBuildFile; fileRef = 096927AD2A35C9C50088C94A /* DetailView.swift */; };
		096927B02A35E19E0088C94A /* DetailEditView.swift in Sources */ = {isa = PBXBuildFile; fileRef = 096927AF2A35E19E0088C94A /* DetailEditView.swift */; };
		096927B22A35F57F0088C94A /* ThemeView.swift in Sources */ = {isa = PBXBuildFile; fileRef = 096927B12A35F57F0088C94A /* ThemeView.swift */; };
		096927B42A35F7BC0088C94A /* ThemePicker.swift in Sources */ = {isa = PBXBuildFile; fileRef = 096927B32A35F7BC0088C94A /* ThemePicker.swift */; };
		097C88042A3DC6CD000EB95C /* NewScrumSheet.swift in Sources */ = {isa = PBXBuildFile; fileRef = 097C88032A3DC6CD000EB95C /* NewScrumSheet.swift */; };
		099ECCD52A347F4500B4A031 /* ScrumdingerApp.swift in Sources */ = {isa = PBXBuildFile; fileRef = 099ECCD42A347F4500B4A031 /* ScrumdingerApp.swift */; };
		099ECCD72A347F4500B4A031 /* MeetingView.swift in Sources */ = {isa = PBXBuildFile; fileRef = 099ECCD62A347F4500B4A031 /* MeetingView.swift */; };
		099ECCD92A347F4700B4A031 /* Assets.xcassets in Resources */ = {isa = PBXBuildFile; fileRef = 099ECCD82A347F4700B4A031 /* Assets.xcassets */; };
		099ECCDD2A347F4700B4A031 /* Preview Assets.xcassets in Resources */ = {isa = PBXBuildFile; fileRef = 099ECCDC2A347F4700B4A031 /* Preview Assets.xcassets */; };
		099ECCE52A348D3100B4A031 /* Theme.swift in Sources */ = {isa = PBXBuildFile; fileRef = 099ECCE42A348D3100B4A031 /* Theme.swift */; };
		099ECCE72A349E6200B4A031 /* DailyScrum.swift in Sources */ = {isa = PBXBuildFile; fileRef = 099ECCE62A349E6200B4A031 /* DailyScrum.swift */; };
		099ECCE92A34A28900B4A031 /* CardView.swift in Sources */ = {isa = PBXBuildFile; fileRef = 099ECCE82A34A28900B4A031 /* CardView.swift */; };
		099ECCEB2A34A83500B4A031 /* TrailingIconLabelStyle.swift in Sources */ = {isa = PBXBuildFile; fileRef = 099ECCEA2A34A83500B4A031 /* TrailingIconLabelStyle.swift */; };
		099ECCED2A34B10100B4A031 /* ScrumsView.swift in Sources */ = {isa = PBXBuildFile; fileRef = 099ECCEC2A34B10100B4A031 /* ScrumsView.swift */; };
/* End PBXBuildFile section */

/* Begin PBXFileReference section */
		0926142C2A372895001A6E9A /* MeetingHeaderView.swift */ = {isa = PBXFileReference; lastKnownFileType = sourcecode.swift; path = MeetingHeaderView.swift; sourceTree = "<group>"; };
		0926142E2A372CB3001A6E9A /* ScrumProgressViewStyle.swift */ = {isa = PBXFileReference; lastKnownFileType = sourcecode.swift; path = ScrumProgressViewStyle.swift; sourceTree = "<group>"; };
		092614302A372EF2001A6E9A /* ScrumTimer.swift */ = {isa = PBXFileReference; lastKnownFileType = sourcecode.swift; path = ScrumTimer.swift; sourceTree = "<group>"; };
		092614322A3737F4001A6E9A /* MeetingFooterView.swift */ = {isa = PBXFileReference; lastKnownFileType = sourcecode.swift; path = MeetingFooterView.swift; sourceTree = "<group>"; };
		092614342A373BAC001A6E9A /* AVPlayer+Ding.swift */ = {isa = PBXFileReference; lastKnownFileType = sourcecode.swift; path = "AVPlayer+Ding.swift"; sourceTree = "<group>"; };
		092614392A37432F001A6E9A /* ding.wav */ = {isa = PBXFileReference; lastKnownFileType = audio.wav; path = ding.wav; sourceTree = "<group>"; };
		096927AD2A35C9C50088C94A /* DetailView.swift */ = {isa = PBXFileReference; lastKnownFileType = sourcecode.swift; path = DetailView.swift; sourceTree = "<group>"; };
		096927AF2A35E19E0088C94A /* DetailEditView.swift */ = {isa = PBXFileReference; lastKnownFileType = sourcecode.swift; path = DetailEditView.swift; sourceTree = "<group>"; };
		096927B12A35F57F0088C94A /* ThemeView.swift */ = {isa = PBXFileReference; lastKnownFileType = sourcecode.swift; path = ThemeView.swift; sourceTree = "<group>"; };
		096927B32A35F7BC0088C94A /* ThemePicker.swift */ = {isa = PBXFileReference; lastKnownFileType = sourcecode.swift; path = ThemePicker.swift; sourceTree = "<group>"; };
		097C88032A3DC6CD000EB95C /* NewScrumSheet.swift */ = {isa = PBXFileReference; lastKnownFileType = sourcecode.swift; path = NewScrumSheet.swift; sourceTree = "<group>"; };
		099ECCD12A347F4500B4A031 /* Scrumdinger.app */ = {isa = PBXFileReference; explicitFileType = wrapper.application; includeInIndex = 0; path = Scrumdinger.app; sourceTree = BUILT_PRODUCTS_DIR; };
		099ECCD42A347F4500B4A031 /* ScrumdingerApp.swift */ = {isa = PBXFileReference; lastKnownFileType = sourcecode.swift; path = ScrumdingerApp.swift; sourceTree = "<group>"; };
		099ECCD62A347F4500B4A031 /* MeetingView.swift */ = {isa = PBXFileReference; lastKnownFileType = sourcecode.swift; path = MeetingView.swift; sourceTree = "<group>"; };
		099ECCD82A347F4700B4A031 /* Assets.xcassets */ = {isa = PBXFileReference; lastKnownFileType = folder.assetcatalog; path = Assets.xcassets; sourceTree = "<group>"; };
		099ECCDA2A347F4700B4A031 /* Scrumdinger.entitlements */ = {isa = PBXFileReference; lastKnownFileType = text.plist.entitlements; path = Scrumdinger.entitlements; sourceTree = "<group>"; };
		099ECCDC2A347F4700B4A031 /* Preview Assets.xcassets */ = {isa = PBXFileReference; lastKnownFileType = folder.assetcatalog; path = "Preview Assets.xcassets"; sourceTree = "<group>"; };
		099ECCE42A348D3100B4A031 /* Theme.swift */ = {isa = PBXFileReference; lastKnownFileType = sourcecode.swift; path = Theme.swift; sourceTree = "<group>"; };
		099ECCE62A349E6200B4A031 /* DailyScrum.swift */ = {isa = PBXFileReference; lastKnownFileType = sourcecode.swift; path = DailyScrum.swift; sourceTree = "<group>"; };
		099ECCE82A34A28900B4A031 /* CardView.swift */ = {isa = PBXFileReference; lastKnownFileType = sourcecode.swift; path = CardView.swift; sourceTree = "<group>"; };
		099ECCEA2A34A83500B4A031 /* TrailingIconLabelStyle.swift */ = {isa = PBXFileReference; lastKnownFileType = sourcecode.swift; path = TrailingIconLabelStyle.swift; sourceTree = "<group>"; };
		099ECCEC2A34B10100B4A031 /* ScrumsView.swift */ = {isa = PBXFileReference; lastKnownFileType = sourcecode.swift; path = ScrumsView.swift; sourceTree = "<group>"; };
/* End PBXFileReference section */

/* Begin PBXFrameworksBuildPhase section */
		099ECCCE2A347F4500B4A031 /* Frameworks */ = {
			isa = PBXFrameworksBuildPhase;
			buildActionMask = 2147483647;
			files = (
			);
			runOnlyForDeploymentPostprocessing = 0;
		};
/* End PBXFrameworksBuildPhase section */

/* Begin PBXGroup section */
		092614362A373F29001A6E9A /* Resources */ = {
			isa = PBXGroup;
			children = (
				092614392A37432F001A6E9A /* ding.wav */,
			);
			path = Resources;
			sourceTree = "<group>";
		};
		099ECCC82A347F4500B4A031 = {
			isa = PBXGroup;
			children = (
				099ECCD32A347F4500B4A031 /* Scrumdinger */,
				099ECCD22A347F4500B4A031 /* Products */,
			);
			sourceTree = "<group>";
		};
		099ECCD22A347F4500B4A031 /* Products */ = {
			isa = PBXGroup;
			children = (
				099ECCD12A347F4500B4A031 /* Scrumdinger.app */,
			);
			name = Products;
			sourceTree = "<group>";
		};
		099ECCD32A347F4500B4A031 /* Scrumdinger */ = {
			isa = PBXGroup;
			children = (
				092614362A373F29001A6E9A /* Resources */,
				099ECCE32A348D1500B4A031 /* Models */,
				099ECCD42A347F4500B4A031 /* ScrumdingerApp.swift */,
				099ECCD62A347F4500B4A031 /* MeetingView.swift */,
				099ECCD82A347F4700B4A031 /* Assets.xcassets */,
				099ECCDA2A347F4700B4A031 /* Scrumdinger.entitlements */,
				099ECCDB2A347F4700B4A031 /* Preview Content */,
				099ECCE82A34A28900B4A031 /* CardView.swift */,
				099ECCEA2A34A83500B4A031 /* TrailingIconLabelStyle.swift */,
				099ECCEC2A34B10100B4A031 /* ScrumsView.swift */,
				096927AD2A35C9C50088C94A /* DetailView.swift */,
				096927AF2A35E19E0088C94A /* DetailEditView.swift */,
				096927B12A35F57F0088C94A /* ThemeView.swift */,
				096927B32A35F7BC0088C94A /* ThemePicker.swift */,
				0926142C2A372895001A6E9A /* MeetingHeaderView.swift */,
				0926142E2A372CB3001A6E9A /* ScrumProgressViewStyle.swift */,
				092614322A3737F4001A6E9A /* MeetingFooterView.swift */,
				097C88032A3DC6CD000EB95C /* NewScrumSheet.swift */,
			);
			path = Scrumdinger;
			sourceTree = "<group>";
		};
		099ECCDB2A347F4700B4A031 /* Preview Content */ = {
			isa = PBXGroup;
			children = (
				099ECCDC2A347F4700B4A031 /* Preview Assets.xcassets */,
			);
			path = "Preview Content";
			sourceTree = "<group>";
		};
		099ECCE32A348D1500B4A031 /* Models */ = {
			isa = PBXGroup;
			children = (
				099ECCE42A348D3100B4A031 /* Theme.swift */,
				099ECCE62A349E6200B4A031 /* DailyScrum.swift */,
				092614302A372EF2001A6E9A /* ScrumTimer.swift */,
				092614342A373BAC001A6E9A /* AVPlayer+Ding.swift */,
			);
			path = Models;
			sourceTree = "<group>";
		};
/* End PBXGroup section */

/* Begin PBXNativeTarget section */
		099ECCD02A347F4500B4A031 /* Scrumdinger */ = {
			isa = PBXNativeTarget;
			buildConfigurationList = 099ECCE02A347F4700B4A031 /* Build configuration list for PBXNativeTarget "Scrumdinger" */;
			buildPhases = (
				099ECCCD2A347F4500B4A031 /* Sources */,
				099ECCCE2A347F4500B4A031 /* Frameworks */,
				099ECCCF2A347F4500B4A031 /* Resources */,
			);
			buildRules = (
			);
			dependencies = (
			);
			name = Scrumdinger;
			productName = Scrumdinger;
			productReference = 099ECCD12A347F4500B4A031 /* Scrumdinger.app */;
			productType = "com.apple.product-type.application";
		};
/* End PBXNativeTarget section */

/* Begin PBXProject section */
		099ECCC92A347F4500B4A031 /* Project object */ = {
			isa = PBXProject;
			attributes = {
				BuildIndependentTargetsInParallel = 1;
				LastSwiftUpdateCheck = 1420;
				LastUpgradeCheck = 1420;
				TargetAttributes = {
					099ECCD02A347F4500B4A031 = {
						CreatedOnToolsVersion = 14.2;
					};
				};
			};
			buildConfigurationList = 099ECCCC2A347F4500B4A031 /* Build configuration list for PBXProject "Scrumdinger" */;
			compatibilityVersion = "Xcode 14.0";
			developmentRegion = en;
			hasScannedForEncodings = 0;
			knownRegions = (
				en,
				Base,
			);
			mainGroup = 099ECCC82A347F4500B4A031;
			productRefGroup = 099ECCD22A347F4500B4A031 /* Products */;
			projectDirPath = "";
			projectRoot = "";
			targets = (
				099ECCD02A347F4500B4A031 /* Scrumdinger */,
			);
		};
/* End PBXProject section */

/* Begin PBXResourcesBuildPhase section */
		099ECCCF2A347F4500B4A031 /* Resources */ = {
			isa = PBXResourcesBuildPhase;
			buildActionMask = 2147483647;
			files = (
				0926143A2A37432F001A6E9A /* ding.wav in Resources */,
				099ECCDD2A347F4700B4A031 /* Preview Assets.xcassets in Resources */,
				099ECCD92A347F4700B4A031 /* Assets.xcassets in Resources */,
			);
			runOnlyForDeploymentPostprocessing = 0;
		};
/* End PBXResourcesBuildPhase section */

/* Begin PBXSourcesBuildPhase section */
		099ECCCD2A347F4500B4A031 /* Sources */ = {
			isa = PBXSourcesBuildPhase;
			buildActionMask = 2147483647;
			files = (
				096927B42A35F7BC0088C94A /* ThemePicker.swift in Sources */,
				0926142F2A372CB3001A6E9A /* ScrumProgressViewStyle.swift in Sources */,
				092614332A3737F4001A6E9A /* MeetingFooterView.swift in Sources */,
				092614312A372EF2001A6E9A /* ScrumTimer.swift in Sources */,
				099ECCE72A349E6200B4A031 /* DailyScrum.swift in Sources */,
				096927AE2A35C9C50088C94A /* DetailView.swift in Sources */,
				0926142D2A372895001A6E9A /* MeetingHeaderView.swift in Sources */,
				096927B02A35E19E0088C94A /* DetailEditView.swift in Sources */,
				099ECCEB2A34A83500B4A031 /* TrailingIconLabelStyle.swift in Sources */,
				099ECCE52A348D3100B4A031 /* Theme.swift in Sources */,
				099ECCED2A34B10100B4A031 /* ScrumsView.swift in Sources */,
				099ECCD72A347F4500B4A031 /* MeetingView.swift in Sources */,
				099ECCD52A347F4500B4A031 /* ScrumdingerApp.swift in Sources */,
				097C88042A3DC6CD000EB95C /* NewScrumSheet.swift in Sources */,
				096927B22A35F57F0088C94A /* ThemeView.swift in Sources */,
				099ECCE92A34A28900B4A031 /* CardView.swift in Sources */,
				092614352A373BAC001A6E9A /* AVPlayer+Ding.swift in Sources */,
			);
			runOnlyForDeploymentPostprocessing = 0;
		};
/* End PBXSourcesBuildPhase section */

/* Begin XCBuildConfiguration section */
		099ECCDE2A347F4700B4A031 /* Debug */ = {
			isa = XCBuildConfiguration;
			buildSettings = {
				ALWAYS_SEARCH_USER_PATHS = NO;
				CLANG_ANALYZER_NONNULL = YES;
				CLANG_ANALYZER_NUMBER_OBJECT_CONVERSION = YES_AGGRESSIVE;
				CLANG_CXX_LANGUAGE_STANDARD = "gnu++20";
				CLANG_ENABLE_MODULES = YES;
				CLANG_ENABLE_OBJC_ARC = YES;
				CLANG_ENABLE_OBJC_WEAK = YES;
				CLANG_WARN_BLOCK_CAPTURE_AUTORELEASING = YES;
				CLANG_WARN_BOOL_CONVERSION = YES;
				CLANG_WARN_COMMA = YES;
				CLANG_WARN_CONSTANT_CONVERSION = YES;
				CLANG_WARN_DEPRECATED_OBJC_IMPLEMENTATIONS = YES;
				CLANG_WARN_DIRECT_OBJC_ISA_USAGE = YES_ERROR;
				CLANG_WARN_DOCUMENTATION_COMMENTS = YES;
				CLANG_WARN_EMPTY_BODY = YES;
				CLANG_WARN_ENUM_CONVERSION = YES;
				CLANG_WARN_INFINITE_RECURSION = YES;
				CLANG_WARN_INT_CONVERSION = YES;
				CLANG_WARN_NON_LITERAL_NULL_CONVERSION = YES;
				CLANG_WARN_OBJC_IMPLICIT_RETAIN_SELF = YES;
				CLANG_WARN_OBJC_LITERAL_CONVERSION = YES;
				CLANG_WARN_OBJC_ROOT_CLASS = YES_ERROR;
				CLANG_WARN_QUOTED_INCLUDE_IN_FRAMEWORK_HEADER = YES;
				CLANG_WARN_RANGE_LOOP_ANALYSIS = YES;
				CLANG_WARN_STRICT_PROTOTYPES = YES;
				CLANG_WARN_SUSPICIOUS_MOVE = YES;
				CLANG_WARN_UNGUARDED_AVAILABILITY = YES_AGGRESSIVE;
				CLANG_WARN_UNREACHABLE_CODE = YES;
				CLANG_WARN__DUPLICATE_METHOD_MATCH = YES;
				COPY_PHASE_STRIP = NO;
				DEBUG_INFORMATION_FORMAT = dwarf;
				ENABLE_STRICT_OBJC_MSGSEND = YES;
				ENABLE_TESTABILITY = YES;
				GCC_C_LANGUAGE_STANDARD = gnu11;
				GCC_DYNAMIC_NO_PIC = NO;
				GCC_NO_COMMON_BLOCKS = YES;
				GCC_OPTIMIZATION_LEVEL = 0;
				GCC_PREPROCESSOR_DEFINITIONS = (
					"DEBUG=1",
					"$(inherited)",
				);
				GCC_WARN_64_TO_32_BIT_CONVERSION = YES;
				GCC_WARN_ABOUT_RETURN_TYPE = YES_ERROR;
				GCC_WARN_UNDECLARED_SELECTOR = YES;
				GCC_WARN_UNINITIALIZED_AUTOS = YES_AGGRESSIVE;
				GCC_WARN_UNUSED_FUNCTION = YES;
				GCC_WARN_UNUSED_VARIABLE = YES;
				MTL_ENABLE_DEBUG_INFO = INCLUDE_SOURCE;
				MTL_FAST_MATH = YES;
				ONLY_ACTIVE_ARCH = YES;
				SWIFT_ACTIVE_COMPILATION_CONDITIONS = DEBUG;
				SWIFT_OPTIMIZATION_LEVEL = "-Onone";
			};
			name = Debug;
		};
		099ECCDF2A347F4700B4A031 /* Release */ = {
			isa = XCBuildConfiguration;
			buildSettings = {
				ALWAYS_SEARCH_USER_PATHS = NO;
				CLANG_ANALYZER_NONNULL = YES;
				CLANG_ANALYZER_NUMBER_OBJECT_CONVERSION = YES_AGGRESSIVE;
				CLANG_CXX_LANGUAGE_STANDARD = "gnu++20";
				CLANG_ENABLE_MODULES = YES;
				CLANG_ENABLE_OBJC_ARC = YES;
				CLANG_ENABLE_OBJC_WEAK = YES;
				CLANG_WARN_BLOCK_CAPTURE_AUTORELEASING = YES;
				CLANG_WARN_BOOL_CONVERSION = YES;
				CLANG_WARN_COMMA = YES;
				CLANG_WARN_CONSTANT_CONVERSION = YES;
				CLANG_WARN_DEPRECATED_OBJC_IMPLEMENTATIONS = YES;
				CLANG_WARN_DIRECT_OBJC_ISA_USAGE = YES_ERROR;
				CLANG_WARN_DOCUMENTATION_COMMENTS = YES;
				CLANG_WARN_EMPTY_BODY = YES;
				CLANG_WARN_ENUM_CONVERSION = YES;
				CLANG_WARN_INFINITE_RECURSION = YES;
				CLANG_WARN_INT_CONVERSION = YES;
				CLANG_WARN_NON_LITERAL_NULL_CONVERSION = YES;
				CLANG_WARN_OBJC_IMPLICIT_RETAIN_SELF = YES;
				CLANG_WARN_OBJC_LITERAL_CONVERSION = YES;
				CLANG_WARN_OBJC_ROOT_CLASS = YES_ERROR;
				CLANG_WARN_QUOTED_INCLUDE_IN_FRAMEWORK_HEADER = YES;
				CLANG_WARN_RANGE_LOOP_ANALYSIS = YES;
				CLANG_WARN_STRICT_PROTOTYPES = YES;
				CLANG_WARN_SUSPICIOUS_MOVE = YES;
				CLANG_WARN_UNGUARDED_AVAILABILITY = YES_AGGRESSIVE;
				CLANG_WARN_UNREACHABLE_CODE = YES;
				CLANG_WARN__DUPLICATE_METHOD_MATCH = YES;
				COPY_PHASE_STRIP = NO;
				DEBUG_INFORMATION_FORMAT = "dwarf-with-dsym";
				ENABLE_NS_ASSERTIONS = NO;
				ENABLE_STRICT_OBJC_MSGSEND = YES;
				GCC_C_LANGUAGE_STANDARD = gnu11;
				GCC_NO_COMMON_BLOCKS = YES;
				GCC_WARN_64_TO_32_BIT_CONVERSION = YES;
				GCC_WARN_ABOUT_RETURN_TYPE = YES_ERROR;
				GCC_WARN_UNDECLARED_SELECTOR = YES;
				GCC_WARN_UNINITIALIZED_AUTOS = YES_AGGRESSIVE;
				GCC_WARN_UNUSED_FUNCTION = YES;
				GCC_WARN_UNUSED_VARIABLE = YES;
				MTL_ENABLE_DEBUG_INFO = NO;
				MTL_FAST_MATH = YES;
				SWIFT_COMPILATION_MODE = wholemodule;
				SWIFT_OPTIMIZATION_LEVEL = "-O";
			};
			name = Release;
		};
		099ECCE12A347F4700B4A031 /* Debug */ = {
			isa = XCBuildConfiguration;
			buildSettings = {
				ASSETCATALOG_COMPILER_APPICON_NAME = AppIcon;
				ASSETCATALOG_COMPILER_GLOBAL_ACCENT_COLOR_NAME = AccentColor;
				CODE_SIGN_ENTITLEMENTS = Scrumdinger/Scrumdinger.entitlements;
				CODE_SIGN_STYLE = Automatic;
				CURRENT_PROJECT_VERSION = 1;
				DEVELOPMENT_ASSET_PATHS = "\"Scrumdinger/Preview Content\"";
				ENABLE_PREVIEWS = YES;
				GENERATE_INFOPLIST_FILE = YES;
				"INFOPLIST_KEY_UIApplicationSceneManifest_Generation[sdk=iphoneos*]" = YES;
				"INFOPLIST_KEY_UIApplicationSceneManifest_Generation[sdk=iphonesimulator*]" = YES;
				"INFOPLIST_KEY_UIApplicationSupportsIndirectInputEvents[sdk=iphoneos*]" = YES;
				"INFOPLIST_KEY_UIApplicationSupportsIndirectInputEvents[sdk=iphonesimulator*]" = YES;
				"INFOPLIST_KEY_UILaunchScreen_Generation[sdk=iphoneos*]" = YES;
				"INFOPLIST_KEY_UILaunchScreen_Generation[sdk=iphonesimulator*]" = YES;
				"INFOPLIST_KEY_UIStatusBarStyle[sdk=iphoneos*]" = UIStatusBarStyleDefault;
				"INFOPLIST_KEY_UIStatusBarStyle[sdk=iphonesimulator*]" = UIStatusBarStyleDefault;
				INFOPLIST_KEY_UISupportedInterfaceOrientations_iPad = "UIInterfaceOrientationPortrait UIInterfaceOrientationPortraitUpsideDown UIInterfaceOrientationLandscapeLeft UIInterfaceOrientationLandscapeRight";
				INFOPLIST_KEY_UISupportedInterfaceOrientations_iPhone = "UIInterfaceOrientationPortrait UIInterfaceOrientationLandscapeLeft UIInterfaceOrientationLandscapeRight";
				IPHONEOS_DEPLOYMENT_TARGET = 16.2;
				LD_RUNPATH_SEARCH_PATHS = "@executable_path/Frameworks";
				"LD_RUNPATH_SEARCH_PATHS[sdk=macosx*]" = "@executable_path/../Frameworks";
				MACOSX_DEPLOYMENT_TARGET = 13.1;
				MARKETING_VERSION = 1.0;
				PRODUCT_BUNDLE_IDENTIFIER = com.akshay.Scrumdinger;
				PRODUCT_NAME = "$(TARGET_NAME)";
				SDKROOT = auto;
				SUPPORTED_PLATFORMS = "iphoneos iphonesimulator macosx";
				SWIFT_EMIT_LOC_STRINGS = YES;
				SWIFT_VERSION = 5.0;
				TARGETED_DEVICE_FAMILY = "1,2";
			};
			name = Debug;
		};
		099ECCE22A347F4700B4A031 /* Release */ = {
			isa = XCBuildConfiguration;
			buildSettings = {
				ASSETCATALOG_COMPILER_APPICON_NAME = AppIcon;
				ASSETCATALOG_COMPILER_GLOBAL_ACCENT_COLOR_NAME = AccentColor;
				CODE_SIGN_ENTITLEMENTS = Scrumdinger/Scrumdinger.entitlements;
				CODE_SIGN_STYLE = Automatic;
				CURRENT_PROJECT_VERSION = 1;
				DEVELOPMENT_ASSET_PATHS = "\"Scrumdinger/Preview Content\"";
				ENABLE_PREVIEWS = YES;
				GENERATE_INFOPLIST_FILE = YES;
				"INFOPLIST_KEY_UIApplicationSceneManifest_Generation[sdk=iphoneos*]" = YES;
				"INFOPLIST_KEY_UIApplicationSceneManifest_Generation[sdk=iphonesimulator*]" = YES;
				"INFOPLIST_KEY_UIApplicationSupportsIndirectInputEvents[sdk=iphoneos*]" = YES;
				"INFOPLIST_KEY_UIApplicationSupportsIndirectInputEvents[sdk=iphonesimulator*]" = YES;
				"INFOPLIST_KEY_UILaunchScreen_Generation[sdk=iphoneos*]" = YES;
				"INFOPLIST_KEY_UILaunchScreen_Generation[sdk=iphonesimulator*]" = YES;
				"INFOPLIST_KEY_UIStatusBarStyle[sdk=iphoneos*]" = UIStatusBarStyleDefault;
				"INFOPLIST_KEY_UIStatusBarStyle[sdk=iphonesimulator*]" = UIStatusBarStyleDefault;
				INFOPLIST_KEY_UISupportedInterfaceOrientations_iPad = "UIInterfaceOrientationPortrait UIInterfaceOrientationPortraitUpsideDown UIInterfaceOrientationLandscapeLeft UIInterfaceOrientationLandscapeRight";
				INFOPLIST_KEY_UISupportedInterfaceOrientations_iPhone = "UIInterfaceOrientationPortrait UIInterfaceOrientationLandscapeLeft UIInterfaceOrientationLandscapeRight";
				IPHONEOS_DEPLOYMENT_TARGET = 16.2;
				LD_RUNPATH_SEARCH_PATHS = "@executable_path/Frameworks";
				"LD_RUNPATH_SEARCH_PATHS[sdk=macosx*]" = "@executable_path/../Frameworks";
				MACOSX_DEPLOYMENT_TARGET = 13.1;
				MARKETING_VERSION = 1.0;
				PRODUCT_BUNDLE_IDENTIFIER = com.akshay.Scrumdinger;
				PRODUCT_NAME = "$(TARGET_NAME)";
				SDKROOT = auto;
				SUPPORTED_PLATFORMS = "iphoneos iphonesimulator macosx";
				SWIFT_EMIT_LOC_STRINGS = YES;
				SWIFT_VERSION = 5.0;
				TARGETED_DEVICE_FAMILY = "1,2";
			};
			name = Release;
		};
/* End XCBuildConfiguration section */

/* Begin XCConfigurationList section */
		099ECCCC2A347F4500B4A031 /* Build configuration list for PBXProject "Scrumdinger" */ = {
			isa = XCConfigurationList;
			buildConfigurations = (
				099ECCDE2A347F4700B4A031 /* Debug */,
				099ECCDF2A347F4700B4A031 /* Release */,
			);
			defaultConfigurationIsVisible = 0;
			defaultConfigurationName = Release;
		};
		099ECCE02A347F4700B4A031 /* Build configuration list for PBXNativeTarget "Scrumdinger" */ = {
			isa = XCConfigurationList;
			buildConfigurations = (
				099ECCE12A347F4700B4A031 /* Debug */,
				099ECCE22A347F4700B4A031 /* Release */,
			);
			defaultConfigurationIsVisible = 0;
			defaultConfigurationName = Release;
		};
/* End XCConfigurationList section */
	};
	rootObject = 099ECCC92A347F4500B4A031 /* Project object */;
}
